// !$*UTF8*$!
{
	archiveVersion = 1;
	classes = {
	};
	objectVersion = 50;
	objects = {

/* Begin PBXBuildFile section */
		2ACDAFA8BDF3831D28CFE576 /* Pods_WFProject.framework in Frameworks */ = {isa = PBXBuildFile; fileRef = C16466EAC4C1E0B32F393D0D /* Pods_WFProject.framework */; };
		CE394CA620F4E8BF00D80026 /* WFWeatherListViewController.swift in Sources */ = {isa = PBXBuildFile; fileRef = CE394CA520F4E8BF00D80026 /* WFWeatherListViewController.swift */; };
		CE394CA820F4FE5E00D80026 /* WFCityDataModel.swift in Sources */ = {isa = PBXBuildFile; fileRef = CE394CA720F4FE5E00D80026 /* WFCityDataModel.swift */; };
		CE394CAA20F4FEAF00D80026 /* WFWeatherModel.swift in Sources */ = {isa = PBXBuildFile; fileRef = CE394CA920F4FEAF00D80026 /* WFWeatherModel.swift */; };
		CE591DB620FDA4DE00931B6E /* WFWeatherListViewController.storyboard in Resources */ = {isa = PBXBuildFile; fileRef = CE591DB520FDA4DE00931B6E /* WFWeatherListViewController.storyboard */; };
		CE591DB820FDC53A00931B6E /* WFWeatherListTableViewCell.swift in Sources */ = {isa = PBXBuildFile; fileRef = CE591DB720FDC53A00931B6E /* WFWeatherListTableViewCell.swift */; };
		CE591DBB20FF222600931B6E /* UIColor+Extension.swift in Sources */ = {isa = PBXBuildFile; fileRef = CE591DBA20FF222600931B6E /* UIColor+Extension.swift */; };
		CE591E44210191E000931B6E /* WFWeatherImageManager.swift in Sources */ = {isa = PBXBuildFile; fileRef = CE591E43210191E000931B6E /* WFWeatherImageManager.swift */; };
		CE5F346620F49FA400F861AC /* city.list0.json in Resources */ = {isa = PBXBuildFile; fileRef = CE5F345B20F49FA400F861AC /* city.list0.json */; };
		CE5F346720F49FA400F861AC /* city.list1.json in Resources */ = {isa = PBXBuildFile; fileRef = CE5F345C20F49FA400F861AC /* city.list1.json */; };
		CE5F346820F49FA400F861AC /* city.list10.json in Resources */ = {isa = PBXBuildFile; fileRef = CE5F345D20F49FA400F861AC /* city.list10.json */; };
		CE5F346920F49FA400F861AC /* city.list2.json in Resources */ = {isa = PBXBuildFile; fileRef = CE5F345E20F49FA400F861AC /* city.list2.json */; };
		CE5F346A20F49FA400F861AC /* city.list3.json in Resources */ = {isa = PBXBuildFile; fileRef = CE5F345F20F49FA400F861AC /* city.list3.json */; };
		CE5F346B20F49FA400F861AC /* city.list4.json in Resources */ = {isa = PBXBuildFile; fileRef = CE5F346020F49FA400F861AC /* city.list4.json */; };
		CE5F346C20F49FA400F861AC /* city.list5.json in Resources */ = {isa = PBXBuildFile; fileRef = CE5F346120F49FA400F861AC /* city.list5.json */; };
		CE5F346D20F49FA400F861AC /* city.list6.json in Resources */ = {isa = PBXBuildFile; fileRef = CE5F346220F49FA400F861AC /* city.list6.json */; };
		CE5F346E20F49FA400F861AC /* city.list7.json in Resources */ = {isa = PBXBuildFile; fileRef = CE5F346320F49FA400F861AC /* city.list7.json */; };
		CE5F346F20F49FA400F861AC /* city.list8.json in Resources */ = {isa = PBXBuildFile; fileRef = CE5F346420F49FA400F861AC /* city.list8.json */; };
		CE5F347020F49FA400F861AC /* city.list9.json in Resources */ = {isa = PBXBuildFile; fileRef = CE5F346520F49FA400F861AC /* city.list9.json */; };
		CE5F347220F4B21F00F861AC /* WFCityDataTool.swift in Sources */ = {isa = PBXBuildFile; fileRef = CE5F347120F4B21F00F861AC /* WFCityDataTool.swift */; };
		CEEB57B720E7A985002E7132 /* AppDelegate.swift in Sources */ = {isa = PBXBuildFile; fileRef = CEEB57B620E7A985002E7132 /* AppDelegate.swift */; };
		CEEB57BC20E7A985002E7132 /* Main.storyboard in Resources */ = {isa = PBXBuildFile; fileRef = CEEB57BA20E7A985002E7132 /* Main.storyboard */; };
		CEEB57BE20E7A994002E7132 /* Assets.xcassets in Resources */ = {isa = PBXBuildFile; fileRef = CEEB57BD20E7A994002E7132 /* Assets.xcassets */; };
		CEEB57C120E7A994002E7132 /* LaunchScreen.storyboard in Resources */ = {isa = PBXBuildFile; fileRef = CEEB57BF20E7A994002E7132 /* LaunchScreen.storyboard */; };
		CEEB57D120E7AFE0002E7132 /* WFNetWorkTool.swift in Sources */ = {isa = PBXBuildFile; fileRef = CEEB57D020E7AFE0002E7132 /* WFNetWorkTool.swift */; };
		CEEB57D320E7B157002E7132 /* WFAppManager.swift in Sources */ = {isa = PBXBuildFile; fileRef = CEEB57D220E7B157002E7132 /* WFAppManager.swift */; };
		CEEB57DC20E8D77F002E7132 /* Reachability.m in Sources */ = {isa = PBXBuildFile; fileRef = CEEB57DB20E8D77E002E7132 /* Reachability.m */; };
		CEEB57DE20E8E269002E7132 /* BFDefineData.swift in Sources */ = {isa = PBXBuildFile; fileRef = CEEB57DD20E8E269002E7132 /* BFDefineData.swift */; };
		CEEB57E620E90C32002E7132 /* MainViewController.swift in Sources */ = {isa = PBXBuildFile; fileRef = CEEB57E520E90C32002E7132 /* MainViewController.swift */; };
/* End PBXBuildFile section */

/* Begin PBXFileReference section */
		2F42D10886B66383A58202A1 /* Pods-WFProject.release.xcconfig */ = {isa = PBXFileReference; includeInIndex = 1; lastKnownFileType = text.xcconfig; name = "Pods-WFProject.release.xcconfig"; path = "Pods/Target Support Files/Pods-WFProject/Pods-WFProject.release.xcconfig"; sourceTree = "<group>"; };
		9D03F14BDFEBCC11378F3A20 /* Pods-WFProject.debug.xcconfig */ = {isa = PBXFileReference; includeInIndex = 1; lastKnownFileType = text.xcconfig; name = "Pods-WFProject.debug.xcconfig"; path = "Pods/Target Support Files/Pods-WFProject/Pods-WFProject.debug.xcconfig"; sourceTree = "<group>"; };
		C16466EAC4C1E0B32F393D0D /* Pods_WFProject.framework */ = {isa = PBXFileReference; explicitFileType = wrapper.framework; includeInIndex = 0; path = Pods_WFProject.framework; sourceTree = BUILT_PRODUCTS_DIR; };
		CE394CA520F4E8BF00D80026 /* WFWeatherListViewController.swift */ = {isa = PBXFileReference; lastKnownFileType = sourcecode.swift; path = WFWeatherListViewController.swift; sourceTree = "<group>"; };
		CE394CA720F4FE5E00D80026 /* WFCityDataModel.swift */ = {isa = PBXFileReference; lastKnownFileType = sourcecode.swift; path = WFCityDataModel.swift; sourceTree = "<group>"; };
		CE394CA920F4FEAF00D80026 /* WFWeatherModel.swift */ = {isa = PBXFileReference; lastKnownFileType = sourcecode.swift; path = WFWeatherModel.swift; sourceTree = "<group>"; };
		CE591DB520FDA4DE00931B6E /* WFWeatherListViewController.storyboard */ = {isa = PBXFileReference; lastKnownFileType = file.storyboard; path = WFWeatherListViewController.storyboard; sourceTree = "<group>"; };
		CE591DB720FDC53A00931B6E /* WFWeatherListTableViewCell.swift */ = {isa = PBXFileReference; lastKnownFileType = sourcecode.swift; path = WFWeatherListTableViewCell.swift; sourceTree = "<group>"; };
		CE591DBA20FF222600931B6E /* UIColor+Extension.swift */ = {isa = PBXFileReference; fileEncoding = 4; lastKnownFileType = sourcecode.swift; path = "UIColor+Extension.swift"; sourceTree = "<group>"; };
		CE591E43210191E000931B6E /* WFWeatherImageManager.swift */ = {isa = PBXFileReference; lastKnownFileType = sourcecode.swift; path = WFWeatherImageManager.swift; sourceTree = "<group>"; };
		CE5F345B20F49FA400F861AC /* city.list0.json */ = {isa = PBXFileReference; fileEncoding = 4; lastKnownFileType = text.json; path = city.list0.json; sourceTree = "<group>"; };
		CE5F345C20F49FA400F861AC /* city.list1.json */ = {isa = PBXFileReference; fileEncoding = 4; lastKnownFileType = text.json; path = city.list1.json; sourceTree = "<group>"; };
		CE5F345D20F49FA400F861AC /* city.list10.json */ = {isa = PBXFileReference; fileEncoding = 4; lastKnownFileType = text.json; path = city.list10.json; sourceTree = "<group>"; };
		CE5F345E20F49FA400F861AC /* city.list2.json */ = {isa = PBXFileReference; fileEncoding = 4; lastKnownFileType = text.json; path = city.list2.json; sourceTree = "<group>"; };
		CE5F345F20F49FA400F861AC /* city.list3.json */ = {isa = PBXFileReference; fileEncoding = 4; lastKnownFileType = text.json; path = city.list3.json; sourceTree = "<group>"; };
		CE5F346020F49FA400F861AC /* city.list4.json */ = {isa = PBXFileReference; fileEncoding = 4; lastKnownFileType = text.json; path = city.list4.json; sourceTree = "<group>"; };
		CE5F346120F49FA400F861AC /* city.list5.json */ = {isa = PBXFileReference; fileEncoding = 4; lastKnownFileType = text.json; path = city.list5.json; sourceTree = "<group>"; };
		CE5F346220F49FA400F861AC /* city.list6.json */ = {isa = PBXFileReference; fileEncoding = 4; lastKnownFileType = text.json; path = city.list6.json; sourceTree = "<group>"; };
		CE5F346320F49FA400F861AC /* city.list7.json */ = {isa = PBXFileReference; fileEncoding = 4; lastKnownFileType = text.json; path = city.list7.json; sourceTree = "<group>"; };
		CE5F346420F49FA400F861AC /* city.list8.json */ = {isa = PBXFileReference; fileEncoding = 4; lastKnownFileType = text.json; path = city.list8.json; sourceTree = "<group>"; };
		CE5F346520F49FA400F861AC /* city.list9.json */ = {isa = PBXFileReference; fileEncoding = 4; lastKnownFileType = text.json; path = city.list9.json; sourceTree = "<group>"; };
		CE5F347120F4B21F00F861AC /* WFCityDataTool.swift */ = {isa = PBXFileReference; lastKnownFileType = sourcecode.swift; path = WFCityDataTool.swift; sourceTree = "<group>"; };
		CEEB57B320E7A985002E7132 /* WFProject.app */ = {isa = PBXFileReference; explicitFileType = wrapper.application; includeInIndex = 0; path = WFProject.app; sourceTree = BUILT_PRODUCTS_DIR; };
		CEEB57B620E7A985002E7132 /* AppDelegate.swift */ = {isa = PBXFileReference; lastKnownFileType = sourcecode.swift; path = AppDelegate.swift; sourceTree = "<group>"; };
		CEEB57B820E7A985002E7132 /* ViewController.swift */ = {isa = PBXFileReference; lastKnownFileType = sourcecode.swift; path = ViewController.swift; sourceTree = "<group>"; };
		CEEB57BB20E7A985002E7132 /* Base */ = {isa = PBXFileReference; lastKnownFileType = file.storyboard; name = Base; path = Base.lproj/Main.storyboard; sourceTree = "<group>"; };
		CEEB57BD20E7A994002E7132 /* Assets.xcassets */ = {isa = PBXFileReference; lastKnownFileType = folder.assetcatalog; path = Assets.xcassets; sourceTree = "<group>"; };
		CEEB57C020E7A994002E7132 /* Base */ = {isa = PBXFileReference; lastKnownFileType = file.storyboard; name = Base; path = Base.lproj/LaunchScreen.storyboard; sourceTree = "<group>"; };
		CEEB57C220E7A994002E7132 /* Info.plist */ = {isa = PBXFileReference; lastKnownFileType = text.plist.xml; path = Info.plist; sourceTree = "<group>"; };
		CEEB57D020E7AFE0002E7132 /* WFNetWorkTool.swift */ = {isa = PBXFileReference; lastKnownFileType = sourcecode.swift; path = WFNetWorkTool.swift; sourceTree = "<group>"; };
		CEEB57D220E7B157002E7132 /* WFAppManager.swift */ = {isa = PBXFileReference; lastKnownFileType = sourcecode.swift; path = WFAppManager.swift; sourceTree = "<group>"; };
		CEEB57D520E7B957002E7132 /* WFProject-Bridging-Header.h */ = {isa = PBXFileReference; lastKnownFileType = sourcecode.c.h; path = "WFProject-Bridging-Header.h"; sourceTree = "<group>"; };
		CEEB57DA20E8D77E002E7132 /* Reachability.h */ = {isa = PBXFileReference; fileEncoding = 4; lastKnownFileType = sourcecode.c.h; path = Reachability.h; sourceTree = "<group>"; };
		CEEB57DB20E8D77E002E7132 /* Reachability.m */ = {isa = PBXFileReference; fileEncoding = 4; lastKnownFileType = sourcecode.c.objc; path = Reachability.m; sourceTree = "<group>"; };
		CEEB57DD20E8E269002E7132 /* BFDefineData.swift */ = {isa = PBXFileReference; lastKnownFileType = sourcecode.swift; path = BFDefineData.swift; sourceTree = "<group>"; };
		CEEB57E520E90C32002E7132 /* MainViewController.swift */ = {isa = PBXFileReference; lastKnownFileType = sourcecode.swift; path = MainViewController.swift; sourceTree = "<group>"; };
/* End PBXFileReference section */

/* Begin PBXFrameworksBuildPhase section */
		CEEB57B020E7A985002E7132 /* Frameworks */ = {
			isa = PBXFrameworksBuildPhase;
			buildActionMask = 2147483647;
			files = (
				2ACDAFA8BDF3831D28CFE576 /* Pods_WFProject.framework in Frameworks */,
			);
			runOnlyForDeploymentPostprocessing = 0;
		};
/* End PBXFrameworksBuildPhase section */

/* Begin PBXGroup section */
		06DA4DCBF16A526E4E20CE1F /* Pods */ = {
			isa = PBXGroup;
			children = (
				9D03F14BDFEBCC11378F3A20 /* Pods-WFProject.debug.xcconfig */,
				2F42D10886B66383A58202A1 /* Pods-WFProject.release.xcconfig */,
			);
			name = Pods;
			sourceTree = "<group>";
		};
		491ABB5C94BF1F09C7C035B4 /* Frameworks */ = {
			isa = PBXGroup;
			children = (
				C16466EAC4C1E0B32F393D0D /* Pods_WFProject.framework */,
			);
			name = Frameworks;
			sourceTree = "<group>";
		};
		C9BD30972100E84C00F40278 /* Cells */ = {
			isa = PBXGroup;
			children = (
				CE591DB720FDC53A00931B6E /* WFWeatherListTableViewCell.swift */,
			);
			path = Cells;
			sourceTree = "<group>";
		};
		C9BD30982100E86600F40278 /* Controllers */ = {
			isa = PBXGroup;
			children = (
				CEEB57E520E90C32002E7132 /* MainViewController.swift */,
				CE394CA520F4E8BF00D80026 /* WFWeatherListViewController.swift */,
				CE591DB520FDA4DE00931B6E /* WFWeatherListViewController.storyboard */,
			);
			path = Controllers;
			sourceTree = "<group>";
		};
		C9BD30992100E87300F40278 /* Models */ = {
			isa = PBXGroup;
			children = (
				CE394CA720F4FE5E00D80026 /* WFCityDataModel.swift */,
				CE394CA920F4FEAF00D80026 /* WFWeatherModel.swift */,
			);
			path = Models;
			sourceTree = "<group>";
		};
		C9BD309A2100E89700F40278 /* Views */ = {
			isa = PBXGroup;
			children = (
			);
			path = Views;
			sourceTree = "<group>";
		};
		CE591DB920FF21F700931B6E /* Categories */ = {
			isa = PBXGroup;
			children = (
				CE591DBA20FF222600931B6E /* UIColor+Extension.swift */,
			);
			path = Categories;
			sourceTree = "<group>";
		};
		CE5F345A20F49FA400F861AC /* json */ = {
			isa = PBXGroup;
			children = (
				CE5F345B20F49FA400F861AC /* city.list0.json */,
				CE5F345C20F49FA400F861AC /* city.list1.json */,
				CE5F345D20F49FA400F861AC /* city.list10.json */,
				CE5F345E20F49FA400F861AC /* city.list2.json */,
				CE5F345F20F49FA400F861AC /* city.list3.json */,
				CE5F346020F49FA400F861AC /* city.list4.json */,
				CE5F346120F49FA400F861AC /* city.list5.json */,
				CE5F346220F49FA400F861AC /* city.list6.json */,
				CE5F346320F49FA400F861AC /* city.list7.json */,
				CE5F346420F49FA400F861AC /* city.list8.json */,
				CE5F346520F49FA400F861AC /* city.list9.json */,
			);
			path = json;
			sourceTree = "<group>";
		};
		CEEB57AA20E7A985002E7132 = {
			isa = PBXGroup;
			children = (
				CEEB57B520E7A985002E7132 /* WFProject */,
				CEEB57B420E7A985002E7132 /* Products */,
				06DA4DCBF16A526E4E20CE1F /* Pods */,
				491ABB5C94BF1F09C7C035B4 /* Frameworks */,
			);
			sourceTree = "<group>";
		};
		CEEB57B420E7A985002E7132 /* Products */ = {
			isa = PBXGroup;
			children = (
				CEEB57B320E7A985002E7132 /* WFProject.app */,
			);
			name = Products;
			sourceTree = "<group>";
		};
		CEEB57B520E7A985002E7132 /* WFProject */ = {
			isa = PBXGroup;
			children = (
				CEEB57CC20E7AD7A002E7132 /* Classes */,
				CEEB57B620E7A985002E7132 /* AppDelegate.swift */,
				CEEB57B820E7A985002E7132 /* ViewController.swift */,
				CEEB57BA20E7A985002E7132 /* Main.storyboard */,
				CEEB57BD20E7A994002E7132 /* Assets.xcassets */,
				CEEB57BF20E7A994002E7132 /* LaunchScreen.storyboard */,
				CEEB57C220E7A994002E7132 /* Info.plist */,
				CEEB57D520E7B957002E7132 /* WFProject-Bridging-Header.h */,
			);
			path = WFProject;
			sourceTree = "<group>";
		};
		CEEB57CC20E7AD7A002E7132 /* Classes */ = {
			isa = PBXGroup;
			children = (
				CE591DB920FF21F700931B6E /* Categories */,
				CEEB57CF20E7AF6A002E7132 /* DefineData */,
				CEEB57CE20E7AED9002E7132 /* Tool */,
				CEEB57CD20E7AD84002E7132 /* Main */,
			);
			path = Classes;
			sourceTree = "<group>";
		};
		CEEB57CD20E7AD84002E7132 /* Main */ = {
			isa = PBXGroup;
			children = (
				C9BD309A2100E89700F40278 /* Views */,
				C9BD30992100E87300F40278 /* Models */,
				C9BD30982100E86600F40278 /* Controllers */,
				C9BD30972100E84C00F40278 /* Cells */,
			);
			path = Main;
			sourceTree = "<group>";
		};
		CEEB57CE20E7AED9002E7132 /* Tool */ = {
			isa = PBXGroup;
			children = (
				CEEB57D920E8D77E002E7132 /* Reachability */,
				CEEB57D020E7AFE0002E7132 /* WFNetWorkTool.swift */,
				CEEB57D220E7B157002E7132 /* WFAppManager.swift */,
				CE591E43210191E000931B6E /* WFWeatherImageManager.swift */,
			);
			path = Tool;
			sourceTree = "<group>";
		};
		CEEB57CF20E7AF6A002E7132 /* DefineData */ = {
			isa = PBXGroup;
			children = (
				CE5F345A20F49FA400F861AC /* json */,
				CEEB57DD20E8E269002E7132 /* BFDefineData.swift */,
				CE5F347120F4B21F00F861AC /* WFCityDataTool.swift */,
			);
			path = DefineData;
			sourceTree = "<group>";
		};
		CEEB57D920E8D77E002E7132 /* Reachability */ = {
			isa = PBXGroup;
			children = (
				CEEB57DA20E8D77E002E7132 /* Reachability.h */,
				CEEB57DB20E8D77E002E7132 /* Reachability.m */,
			);
			path = Reachability;
			sourceTree = "<group>";
		};
/* End PBXGroup section */

/* Begin PBXNativeTarget section */
		CEEB57B220E7A985002E7132 /* WFProject */ = {
			isa = PBXNativeTarget;
			buildConfigurationList = CEEB57C520E7A994002E7132 /* Build configuration list for PBXNativeTarget "WFProject" */;
			buildPhases = (
				1D81F3C8C0CCD67A508F44FD /* [CP] Check Pods Manifest.lock */,
				CEEB57AF20E7A985002E7132 /* Sources */,
				CEEB57B020E7A985002E7132 /* Frameworks */,
				CEEB57B120E7A985002E7132 /* Resources */,
				368817260BD0238FCE085F0B /* [CP] Embed Pods Frameworks */,
			);
			buildRules = (
			);
			dependencies = (
			);
			name = WFProject;
			productName = WFProject;
			productReference = CEEB57B320E7A985002E7132 /* WFProject.app */;
			productType = "com.apple.product-type.application";
		};
/* End PBXNativeTarget section */

/* Begin PBXProject section */
		CEEB57AB20E7A985002E7132 /* Project object */ = {
			isa = PBXProject;
			attributes = {
				CLASSPREFIX = WF;
				LastSwiftUpdateCheck = 0930;
				LastUpgradeCheck = 0930;
				ORGANIZATIONNAME = WF;
				TargetAttributes = {
					CEEB57B220E7A985002E7132 = {
						CreatedOnToolsVersion = 9.3.1;
						LastSwiftMigration = 0930;
					};
				};
			};
			buildConfigurationList = CEEB57AE20E7A985002E7132 /* Build configuration list for PBXProject "WFProject" */;
			compatibilityVersion = "Xcode 9.3";
			developmentRegion = en;
			hasScannedForEncodings = 0;
			knownRegions = (
				en,
				Base,
			);
			mainGroup = CEEB57AA20E7A985002E7132;
			productRefGroup = CEEB57B420E7A985002E7132 /* Products */;
			projectDirPath = "";
			projectRoot = "";
			targets = (
				CEEB57B220E7A985002E7132 /* WFProject */,
			);
		};
/* End PBXProject section */

/* Begin PBXResourcesBuildPhase section */
		CEEB57B120E7A985002E7132 /* Resources */ = {
			isa = PBXResourcesBuildPhase;
			buildActionMask = 2147483647;
			files = (
				CE5F346620F49FA400F861AC /* city.list0.json in Resources */,
				CEEB57C120E7A994002E7132 /* LaunchScreen.storyboard in Resources */,
				CE5F347020F49FA400F861AC /* city.list9.json in Resources */,
				CE5F346B20F49FA400F861AC /* city.list4.json in Resources */,
				CEEB57BE20E7A994002E7132 /* Assets.xcassets in Resources */,
				CE5F346920F49FA400F861AC /* city.list2.json in Resources */,
				CE5F346E20F49FA400F861AC /* city.list7.json in Resources */,
				CE5F346A20F49FA400F861AC /* city.list3.json in Resources */,
				CE5F346F20F49FA400F861AC /* city.list8.json in Resources */,
				CEEB57BC20E7A985002E7132 /* Main.storyboard in Resources */,
				CE591DB620FDA4DE00931B6E /* WFWeatherListViewController.storyboard in Resources */,
				CE5F346D20F49FA400F861AC /* city.list6.json in Resources */,
				CE5F346820F49FA400F861AC /* city.list10.json in Resources */,
				CE5F346C20F49FA400F861AC /* city.list5.json in Resources */,
				CE5F346720F49FA400F861AC /* city.list1.json in Resources */,
			);
			runOnlyForDeploymentPostprocessing = 0;
		};
/* End PBXResourcesBuildPhase section */

/* Begin PBXShellScriptBuildPhase section */
		1D81F3C8C0CCD67A508F44FD /* [CP] Check Pods Manifest.lock */ = {
			isa = PBXShellScriptBuildPhase;
			buildActionMask = 2147483647;
			files = (
			);
			inputPaths = (
				"${PODS_PODFILE_DIR_PATH}/Podfile.lock",
				"${PODS_ROOT}/Manifest.lock",
			);
			name = "[CP] Check Pods Manifest.lock";
			outputPaths = (
				"$(DERIVED_FILE_DIR)/Pods-WFProject-checkManifestLockResult.txt",
			);
			runOnlyForDeploymentPostprocessing = 0;
			shellPath = /bin/sh;
			shellScript = "diff \"${PODS_PODFILE_DIR_PATH}/Podfile.lock\" \"${PODS_ROOT}/Manifest.lock\" > /dev/null\nif [ $? != 0 ] ; then\n    # print error to STDERR\n    echo \"error: The sandbox is not in sync with the Podfile.lock. Run 'pod install' or update your CocoaPods installation.\" >&2\n    exit 1\nfi\n# This output is used by Xcode 'outputs' to avoid re-running this script phase.\necho \"SUCCESS\" > \"${SCRIPT_OUTPUT_FILE_0}\"\n";
			showEnvVarsInLog = 0;
		};
		368817260BD0238FCE085F0B /* [CP] Embed Pods Frameworks */ = {
			isa = PBXShellScriptBuildPhase;
			buildActionMask = 2147483647;
			files = (
			);
			inputPaths = (
				"${SRCROOT}/Pods/Target Support Files/Pods-WFProject/Pods-WFProject-frameworks.sh",
				"${BUILT_PRODUCTS_DIR}/AFNetworking/AFNetworking.framework",
				"${BUILT_PRODUCTS_DIR}/FoldingCell/FoldingCell.framework",
				"${BUILT_PRODUCTS_DIR}/MBProgressHUD/MBProgressHUD.framework",
				"${BUILT_PRODUCTS_DIR}/MJRefresh/MJRefresh.framework",
				"${BUILT_PRODUCTS_DIR}/RAMReel/RAMReel.framework",
				"${BUILT_PRODUCTS_DIR}/SDWebImage/SDWebImage.framework",
				"${BUILT_PRODUCTS_DIR}/SnapKit/SnapKit.framework",
			);
			name = "[CP] Embed Pods Frameworks";
			outputPaths = (
				"${TARGET_BUILD_DIR}/${FRAMEWORKS_FOLDER_PATH}/AFNetworking.framework",
				"${TARGET_BUILD_DIR}/${FRAMEWORKS_FOLDER_PATH}/FoldingCell.framework",
				"${TARGET_BUILD_DIR}/${FRAMEWORKS_FOLDER_PATH}/MBProgressHUD.framework",
				"${TARGET_BUILD_DIR}/${FRAMEWORKS_FOLDER_PATH}/MJRefresh.framework",
				"${TARGET_BUILD_DIR}/${FRAMEWORKS_FOLDER_PATH}/RAMReel.framework",
				"${TARGET_BUILD_DIR}/${FRAMEWORKS_FOLDER_PATH}/SDWebImage.framework",
				"${TARGET_BUILD_DIR}/${FRAMEWORKS_FOLDER_PATH}/SnapKit.framework",
			);
			runOnlyForDeploymentPostprocessing = 0;
			shellPath = /bin/sh;
			shellScript = "\"${SRCROOT}/Pods/Target Support Files/Pods-WFProject/Pods-WFProject-frameworks.sh\"\n";
			showEnvVarsInLog = 0;
		};
/* End PBXShellScriptBuildPhase section */

/* Begin PBXSourcesBuildPhase section */
		CEEB57AF20E7A985002E7132 /* Sources */ = {
			isa = PBXSourcesBuildPhase;
			buildActionMask = 2147483647;
			files = (
				CEEB57E620E90C32002E7132 /* MainViewController.swift in Sources */,
				CEEB57DE20E8E269002E7132 /* BFDefineData.swift in Sources */,
				CEEB57D120E7AFE0002E7132 /* WFNetWorkTool.swift in Sources */,
				CE591DBB20FF222600931B6E /* UIColor+Extension.swift in Sources */,
				CE394CA620F4E8BF00D80026 /* WFWeatherListViewController.swift in Sources */,
				CE394CA820F4FE5E00D80026 /* WFCityDataModel.swift in Sources */,
				CE591E44210191E000931B6E /* WFWeatherImageManager.swift in Sources */,
				CEEB57D320E7B157002E7132 /* WFAppManager.swift in Sources */,
				CEEB57B720E7A985002E7132 /* AppDelegate.swift in Sources */,
				CE5F347220F4B21F00F861AC /* WFCityDataTool.swift in Sources */,
				CEEB57DC20E8D77F002E7132 /* Reachability.m in Sources */,
				CE591DB820FDC53A00931B6E /* WFWeatherListTableViewCell.swift in Sources */,
				CE394CAA20F4FEAF00D80026 /* WFWeatherModel.swift in Sources */,
			);
			runOnlyForDeploymentPostprocessing = 0;
		};
/* End PBXSourcesBuildPhase section */

/* Begin PBXVariantGroup section */
		CEEB57BA20E7A985002E7132 /* Main.storyboard */ = {
			isa = PBXVariantGroup;
			children = (
				CEEB57BB20E7A985002E7132 /* Base */,
			);
			name = Main.storyboard;
			sourceTree = "<group>";
		};
		CEEB57BF20E7A994002E7132 /* LaunchScreen.storyboard */ = {
			isa = PBXVariantGroup;
			children = (
				CEEB57C020E7A994002E7132 /* Base */,
			);
			name = LaunchScreen.storyboard;
			sourceTree = "<group>";
		};
/* End PBXVariantGroup section */

/* Begin XCBuildConfiguration section */
		CEEB57C320E7A994002E7132 /* Debug */ = {
			isa = XCBuildConfiguration;
			buildSettings = {
				ALWAYS_SEARCH_USER_PATHS = NO;
				CLANG_ANALYZER_NONNULL = YES;
				CLANG_ANALYZER_NUMBER_OBJECT_CONVERSION = YES_AGGRESSIVE;
				CLANG_CXX_LANGUAGE_STANDARD = "gnu++14";
				CLANG_CXX_LIBRARY = "libc++";
				CLANG_ENABLE_MODULES = YES;
				CLANG_ENABLE_OBJC_ARC = YES;
				CLANG_ENABLE_OBJC_WEAK = YES;
				CLANG_WARN_BLOCK_CAPTURE_AUTORELEASING = YES;
				CLANG_WARN_BOOL_CONVERSION = YES;
				CLANG_WARN_COMMA = YES;
				CLANG_WARN_CONSTANT_CONVERSION = YES;
				CLANG_WARN_DEPRECATED_OBJC_IMPLEMENTATIONS = YES;
				CLANG_WARN_DIRECT_OBJC_ISA_USAGE = YES_ERROR;
				CLANG_WARN_DOCUMENTATION_COMMENTS = YES;
				CLANG_WARN_EMPTY_BODY = YES;
				CLANG_WARN_ENUM_CONVERSION = YES;
				CLANG_WARN_INFINITE_RECURSION = YES;
				CLANG_WARN_INT_CONVERSION = YES;
				CLANG_WARN_NON_LITERAL_NULL_CONVERSION = YES;
				CLANG_WARN_OBJC_IMPLICIT_RETAIN_SELF = YES;
				CLANG_WARN_OBJC_LITERAL_CONVERSION = YES;
				CLANG_WARN_OBJC_ROOT_CLASS = YES_ERROR;
				CLANG_WARN_RANGE_LOOP_ANALYSIS = YES;
				CLANG_WARN_STRICT_PROTOTYPES = YES;
				CLANG_WARN_SUSPICIOUS_MOVE = YES;
				CLANG_WARN_UNGUARDED_AVAILABILITY = YES_AGGRESSIVE;
				CLANG_WARN_UNREACHABLE_CODE = YES;
				CLANG_WARN__DUPLICATE_METHOD_MATCH = YES;
				CODE_SIGN_IDENTITY = "iPhone Developer";
				COPY_PHASE_STRIP = NO;
				DEBUG_INFORMATION_FORMAT = dwarf;
				ENABLE_STRICT_OBJC_MSGSEND = YES;
				ENABLE_TESTABILITY = YES;
				GCC_C_LANGUAGE_STANDARD = gnu11;
				GCC_DYNAMIC_NO_PIC = NO;
				GCC_NO_COMMON_BLOCKS = YES;
				GCC_OPTIMIZATION_LEVEL = 0;
				GCC_PREPROCESSOR_DEFINITIONS = (
					"DEBUG=1",
					"$(inherited)",
				);
				GCC_WARN_64_TO_32_BIT_CONVERSION = YES;
				GCC_WARN_ABOUT_RETURN_TYPE = YES_ERROR;
				GCC_WARN_UNDECLARED_SELECTOR = YES;
				GCC_WARN_UNINITIALIZED_AUTOS = YES_AGGRESSIVE;
				GCC_WARN_UNUSED_FUNCTION = YES;
				GCC_WARN_UNUSED_VARIABLE = YES;
				IPHONEOS_DEPLOYMENT_TARGET = 11.3;
				MTL_ENABLE_DEBUG_INFO = YES;
				ONLY_ACTIVE_ARCH = YES;
				SDKROOT = iphoneos;
				SWIFT_ACTIVE_COMPILATION_CONDITIONS = DEBUG;
				SWIFT_OPTIMIZATION_LEVEL = "-Onone";
			};
			name = Debug;
		};
		CEEB57C420E7A994002E7132 /* Release */ = {
			isa = XCBuildConfiguration;
			buildSettings = {
				ALWAYS_SEARCH_USER_PATHS = NO;
				CLANG_ANALYZER_NONNULL = YES;
				CLANG_ANALYZER_NUMBER_OBJECT_CONVERSION = YES_AGGRESSIVE;
				CLANG_CXX_LANGUAGE_STANDARD = "gnu++14";
				CLANG_CXX_LIBRARY = "libc++";
				CLANG_ENABLE_MODULES = YES;
				CLANG_ENABLE_OBJC_ARC = YES;
				CLANG_ENABLE_OBJC_WEAK = YES;
				CLANG_WARN_BLOCK_CAPTURE_AUTORELEASING = YES;
				CLANG_WARN_BOOL_CONVERSION = YES;
				CLANG_WARN_COMMA = YES;
				CLANG_WARN_CONSTANT_CONVERSION = YES;
				CLANG_WARN_DEPRECATED_OBJC_IMPLEMENTATIONS = YES;
				CLANG_WARN_DIRECT_OBJC_ISA_USAGE = YES_ERROR;
				CLANG_WARN_DOCUMENTATION_COMMENTS = YES;
				CLANG_WARN_EMPTY_BODY = YES;
				CLANG_WARN_ENUM_CONVERSION = YES;
				CLANG_WARN_INFINITE_RECURSION = YES;
				CLANG_WARN_INT_CONVERSION = YES;
				CLANG_WARN_NON_LITERAL_NULL_CONVERSION = YES;
				CLANG_WARN_OBJC_IMPLICIT_RETAIN_SELF = YES;
				CLANG_WARN_OBJC_LITERAL_CONVERSION = YES;
				CLANG_WARN_OBJC_ROOT_CLASS = YES_ERROR;
				CLANG_WARN_RANGE_LOOP_ANALYSIS = YES;
				CLANG_WARN_STRICT_PROTOTYPES = YES;
				CLANG_WARN_SUSPICIOUS_MOVE = YES;
				CLANG_WARN_UNGUARDED_AVAILABILITY = YES_AGGRESSIVE;
				CLANG_WARN_UNREACHABLE_CODE = YES;
				CLANG_WARN__DUPLICATE_METHOD_MATCH = YES;
				CODE_SIGN_IDENTITY = "iPhone Developer";
				COPY_PHASE_STRIP = NO;
				DEBUG_INFORMATION_FORMAT = "dwarf-with-dsym";
				ENABLE_NS_ASSERTIONS = NO;
				ENABLE_STRICT_OBJC_MSGSEND = YES;
				GCC_C_LANGUAGE_STANDARD = gnu11;
				GCC_NO_COMMON_BLOCKS = YES;
				GCC_WARN_64_TO_32_BIT_CONVERSION = YES;
				GCC_WARN_ABOUT_RETURN_TYPE = YES_ERROR;
				GCC_WARN_UNDECLARED_SELECTOR = YES;
				GCC_WARN_UNINITIALIZED_AUTOS = YES_AGGRESSIVE;
				GCC_WARN_UNUSED_FUNCTION = YES;
				GCC_WARN_UNUSED_VARIABLE = YES;
				IPHONEOS_DEPLOYMENT_TARGET = 11.3;
				MTL_ENABLE_DEBUG_INFO = NO;
				SDKROOT = iphoneos;
				SWIFT_COMPILATION_MODE = wholemodule;
				SWIFT_OPTIMIZATION_LEVEL = "-O";
				VALIDATE_PRODUCT = YES;
			};
			name = Release;
		};
		CEEB57C620E7A994002E7132 /* Debug */ = {
			isa = XCBuildConfiguration;
			baseConfigurationReference = 9D03F14BDFEBCC11378F3A20 /* Pods-WFProject.debug.xcconfig */;
			buildSettings = {
				ASSETCATALOG_COMPILER_APPICON_NAME = AppIcon;
				CLANG_ENABLE_MODULES = YES;
				CODE_SIGN_STYLE = Automatic;
				DEVELOPMENT_TEAM = 96HGC4VX38;
				INFOPLIST_FILE = WFProject/Info.plist;
				IPHONEOS_DEPLOYMENT_TARGET = 9.0;
				LD_RUNPATH_SEARCH_PATHS = (
					"$(inherited)",
					"@executable_path/Frameworks",
				);
				PRODUCT_BUNDLE_IDENTIFIER = com.WFProject;
				PRODUCT_NAME = "$(TARGET_NAME)";
				SWIFT_OBJC_BRIDGING_HEADER = "WFProject/WFProject-Bridging-Header.h";
				SWIFT_OPTIMIZATION_LEVEL = "-Onone";
				SWIFT_VERSION = 4.0;
				TARGETED_DEVICE_FAMILY = 1;
			};
			name = Debug;
		};
		CEEB57C720E7A994002E7132 /* Release */ = {
			isa = XCBuildConfiguration;
			baseConfigurationReference = 2F42D10886B66383A58202A1 /* Pods-WFProject.release.xcconfig */;
			buildSettings = {
				ASSETCATALOG_COMPILER_APPICON_NAME = AppIcon;
				CLANG_ENABLE_MODULES = YES;
				CODE_SIGN_STYLE = Automatic;
				DEVELOPMENT_TEAM = 96HGC4VX38;
				INFOPLIST_FILE = WFProject/Info.plist;
				IPHONEOS_DEPLOYMENT_TARGET = 9.0;
				LD_RUNPATH_SEARCH_PATHS = (
					"$(inherited)",
					"@executable_path/Frameworks",
				);
				PRODUCT_BUNDLE_IDENTIFIER = com.WFProject;
				PRODUCT_NAME = "$(TARGET_NAME)";
				SWIFT_OBJC_BRIDGING_HEADER = "WFProject/WFProject-Bridging-Header.h";
				SWIFT_VERSION = 4.0;
				TARGETED_DEVICE_FAMILY = 1;
			};
			name = Release;
		};
/* End XCBuildConfiguration section */

/* Begin XCConfigurationList section */
		CEEB57AE20E7A985002E7132 /* Build configuration list for PBXProject "WFProject" */ = {
			isa = XCConfigurationList;
			buildConfigurations = (
				CEEB57C320E7A994002E7132 /* Debug */,
				CEEB57C420E7A994002E7132 /* Release */,
			);
			defaultConfigurationIsVisible = 0;
			defaultConfigurationName = Release;
		};
		CEEB57C520E7A994002E7132 /* Build configuration list for PBXNativeTarget "WFProject" */ = {
			isa = XCConfigurationList;
			buildConfigurations = (
				CEEB57C620E7A994002E7132 /* Debug */,
				CEEB57C720E7A994002E7132 /* Release */,
			);
			defaultConfigurationIsVisible = 0;
			defaultConfigurationName = Release;
		};
/* End XCConfigurationList section */
	};
	rootObject = CEEB57AB20E7A985002E7132 /* Project object */;
}
